
Microsoft Visual Studio Solution File, Format Version 12.00
# Visual Studio Version 17
VisualStudioVersion = 17.7.34009.444
MinimumVisualStudioVersion = 10.0.40219.1
Project("{2150E333-8FDC-42A3-9474-1A3956D46DE8}") = "Solution Items", "Solution Items", "{82B35339-45D4-4FEB-8532-9811EC8ED567}"
	ProjectSection(SolutionItems) = preProject
		.gitignore = .gitignore
		src\docker-compose.override.yml = src\docker-compose.override.yml
		src\docker-compose.yml = src\docker-compose.yml
		global.json = global.json
	EndProjectSection
EndProject
Project("{2150E333-8FDC-42A3-9474-1A3956D46DE8}") = "src", "src", "{A56661B8-6BC9-40E0-A407-FCC6E6A51159}"
EndProject
Project("{2150E333-8FDC-42A3-9474-1A3956D46DE8}") = "tests", "tests", "{3FF1EE72-8AFF-432C-BF15-11919EB2386E}"
EndProject
Project("{2150E333-8FDC-42A3-9474-1A3956D46DE8}") = "ApiGateways", "ApiGateways", "{15CB0E40-E46F-4C14-8C53-FC103CCC479B}"
EndProject
Project("{2150E333-8FDC-42A3-9474-1A3956D46DE8}") = "BuildingBlocks", "BuildingBlocks", "{F9F4C023-83DB-4095-9FE5-79E81800F0C0}"
EndProject
Project("{2150E333-8FDC-42A3-9474-1A3956D46DE8}") = "Services", "Services", "{7D2DD073-A041-4B0F-8321-684289034F52}"
EndProject
Project("{2150E333-8FDC-42A3-9474-1A3956D46DE8}") = "WebApps", "WebApps", "{24CA5D28-819C-4C5B-BA6D-F5A0A0E28D82}"
EndProject
Project("{9A19103F-16F7-4668-BE54-9A1E7A4F7556}") = "Common.Logging", "src\BuildingBlocks\Common.Logging\Common.Logging.csproj", "{B6EF0D2B-54D7-450B-851D-0F283C3FC194}"
EndProject
Project("{9A19103F-16F7-4668-BE54-9A1E7A4F7556}") = "EventBus.Messages", "src\BuildingBlocks\EventBus.Messages\EventBus.Messages.csproj", "{0E71CEF4-9DF8-4624-A34E-BD87D9661F67}"
EndProject
Project("{2150E333-8FDC-42A3-9474-1A3956D46DE8}") = "Asset", "Asset", "{8D7AF922-3D13-4ECA-B6FF-0B6B6030DD1F}"
EndProject
Project("{2150E333-8FDC-42A3-9474-1A3956D46DE8}") = "ScheduledJob", "ScheduledJob", "{F057EEB1-8B7E-44CB-887E-5A179FD8DA43}"
EndProject
Project("{9A19103F-16F7-4668-BE54-9A1E7A4F7556}") = "WebHealthStatus", "src\WebApps\WebHealthStatus\WebHealthStatus.csproj", "{006FEB57-F9DA-4772-ADB4-85DBF7CFFA17}"
EndProject
Project("{9A19103F-16F7-4668-BE54-9A1E7A4F7556}") = "Hangfire.API", "src\Services\Hangfire.API\Hangfire.API.csproj", "{561CAD23-27D1-4C88-8650-DA7CE9BDCAA8}"
EndProject
Project("{9A19103F-16F7-4668-BE54-9A1E7A4F7556}") = "Contracts", "src\BuildingBlocks\Contracts\Contracts.csproj", "{CB7071F7-8C36-4E5A-A5F0-68045385406F}"
EndProject
Project("{9A19103F-16F7-4668-BE54-9A1E7A4F7556}") = "Shared", "src\BuildingBlocks\Shared\Shared.csproj", "{C347E3D4-22AA-4E23-923E-B2DCEA8A9302}"
EndProject
Project("{9A19103F-16F7-4668-BE54-9A1E7A4F7556}") = "Infrastructure", "src\BuildingBlocks\Infrastructure\Infrastructure.csproj", "{4CF87BEE-6B8B-4085-924C-064867E1B427}"
EndProject
Project("{9A19103F-16F7-4668-BE54-9A1E7A4F7556}") = "OcelotApiGw", "src\ApiGateways\OcelotApiGw\OcelotApiGw.csproj", "{EC3DFE7F-67DF-454A-ADFF-A3E2982E51CB}"
EndProject
Project("{9A19103F-16F7-4668-BE54-9A1E7A4F7556}") = "Asset.API", "src\Services\Asset\Asset.API\Asset.API.csproj", "{B100D602-C42F-4FF4-BDDB-035BBC0CE939}"
EndProject
Project("{9A19103F-16F7-4668-BE54-9A1E7A4F7556}") = "Asset.Application", "src\Services\Asset\Asset.Application\Asset.Application.csproj", "{CEA633CB-B632-4EE8-AE6E-1B6481AD3176}"
EndProject
Project("{9A19103F-16F7-4668-BE54-9A1E7A4F7556}") = "Asset.Domain", "src\Services\Asset\Asset.Domain\Asset.Domain.csproj", "{064FF404-35C7-4C6A-8FA6-9F267676B5C5}"
EndProject
Project("{9A19103F-16F7-4668-BE54-9A1E7A4F7556}") = "Asset.Infrastructure", "src\Services\Asset\Asset.Infrastructure\Asset.Infrastructure.csproj", "{ADFCCFB9-EE43-4BED-BB60-3BE33C91FE2C}"
EndProject
Global
	GlobalSection(SolutionConfigurationPlatforms) = preSolution
		Debug|Any CPU = Debug|Any CPU
		Release|Any CPU = Release|Any CPU
	EndGlobalSection
	GlobalSection(ProjectConfigurationPlatforms) = postSolution
		{B6EF0D2B-54D7-450B-851D-0F283C3FC194}.Debug|Any CPU.ActiveCfg = Debug|Any CPU
		{B6EF0D2B-54D7-450B-851D-0F283C3FC194}.Debug|Any CPU.Build.0 = Debug|Any CPU
		{B6EF0D2B-54D7-450B-851D-0F283C3FC194}.Release|Any CPU.ActiveCfg = Release|Any CPU
		{B6EF0D2B-54D7-450B-851D-0F283C3FC194}.Release|Any CPU.Build.0 = Release|Any CPU
		{0E71CEF4-9DF8-4624-A34E-BD87D9661F67}.Debug|Any CPU.ActiveCfg = Debug|Any CPU
		{0E71CEF4-9DF8-4624-A34E-BD87D9661F67}.Debug|Any CPU.Build.0 = Debug|Any CPU
		{0E71CEF4-9DF8-4624-A34E-BD87D9661F67}.Release|Any CPU.ActiveCfg = Release|Any CPU
		{0E71CEF4-9DF8-4624-A34E-BD87D9661F67}.Release|Any CPU.Build.0 = Release|Any CPU
		{006FEB57-F9DA-4772-ADB4-85DBF7CFFA17}.Debug|Any CPU.ActiveCfg = Debug|Any CPU
		{006FEB57-F9DA-4772-ADB4-85DBF7CFFA17}.Debug|Any CPU.Build.0 = Debug|Any CPU
		{006FEB57-F9DA-4772-ADB4-85DBF7CFFA17}.Release|Any CPU.ActiveCfg = Release|Any CPU
		{006FEB57-F9DA-4772-ADB4-85DBF7CFFA17}.Release|Any CPU.Build.0 = Release|Any CPU
		{561CAD23-27D1-4C88-8650-DA7CE9BDCAA8}.Debug|Any CPU.ActiveCfg = Debug|Any CPU
		{561CAD23-27D1-4C88-8650-DA7CE9BDCAA8}.Debug|Any CPU.Build.0 = Debug|Any CPU
		{561CAD23-27D1-4C88-8650-DA7CE9BDCAA8}.Release|Any CPU.ActiveCfg = Release|Any CPU
		{561CAD23-27D1-4C88-8650-DA7CE9BDCAA8}.Release|Any CPU.Build.0 = Release|Any CPU
		{CB7071F7-8C36-4E5A-A5F0-68045385406F}.Debug|Any CPU.ActiveCfg = Debug|Any CPU
		{CB7071F7-8C36-4E5A-A5F0-68045385406F}.Debug|Any CPU.Build.0 = Debug|Any CPU
		{CB7071F7-8C36-4E5A-A5F0-68045385406F}.Release|Any CPU.ActiveCfg = Release|Any CPU
		{CB7071F7-8C36-4E5A-A5F0-68045385406F}.Release|Any CPU.Build.0 = Release|Any CPU
		{C347E3D4-22AA-4E23-923E-B2DCEA8A9302}.Debug|Any CPU.ActiveCfg = Debug|Any CPU
		{C347E3D4-22AA-4E23-923E-B2DCEA8A9302}.Debug|Any CPU.Build.0 = Debug|Any CPU
		{C347E3D4-22AA-4E23-923E-B2DCEA8A9302}.Release|Any CPU.ActiveCfg = Release|Any CPU
		{C347E3D4-22AA-4E23-923E-B2DCEA8A9302}.Release|Any CPU.Build.0 = Release|Any CPU
		{4CF87BEE-6B8B-4085-924C-064867E1B427}.Debug|Any CPU.ActiveCfg = Debug|Any CPU
		{4CF87BEE-6B8B-4085-924C-064867E1B427}.Debug|Any CPU.Build.0 = Debug|Any CPU
		{4CF87BEE-6B8B-4085-924C-064867E1B427}.Release|Any CPU.ActiveCfg = Release|Any CPU
		{4CF87BEE-6B8B-4085-924C-064867E1B427}.Release|Any CPU.Build.0 = Release|Any CPU
		{EC3DFE7F-67DF-454A-ADFF-A3E2982E51CB}.Debug|Any CPU.ActiveCfg = Debug|Any CPU
		{EC3DFE7F-67DF-454A-ADFF-A3E2982E51CB}.Debug|Any CPU.Build.0 = Debug|Any CPU
		{EC3DFE7F-67DF-454A-ADFF-A3E2982E51CB}.Release|Any CPU.ActiveCfg = Release|Any CPU
		{EC3DFE7F-67DF-454A-ADFF-A3E2982E51CB}.Release|Any CPU.Build.0 = Release|Any CPU
		{B100D602-C42F-4FF4-BDDB-035BBC0CE939}.Debug|Any CPU.ActiveCfg = Debug|Any CPU
		{B100D602-C42F-4FF4-BDDB-035BBC0CE939}.Debug|Any CPU.Build.0 = Debug|Any CPU
		{B100D602-C42F-4FF4-BDDB-035BBC0CE939}.Release|Any CPU.ActiveCfg = Release|Any CPU
		{B100D602-C42F-4FF4-BDDB-035BBC0CE939}.Release|Any CPU.Build.0 = Release|Any CPU
		{CEA633CB-B632-4EE8-AE6E-1B6481AD3176}.Debug|Any CPU.ActiveCfg = Debug|Any CPU
		{CEA633CB-B632-4EE8-AE6E-1B6481AD3176}.Debug|Any CPU.Build.0 = Debug|Any CPU
		{CEA633CB-B632-4EE8-AE6E-1B6481AD3176}.Release|Any CPU.ActiveCfg = Release|Any CPU
		{CEA633CB-B632-4EE8-AE6E-1B6481AD3176}.Release|Any CPU.Build.0 = Release|Any CPU
		{064FF404-35C7-4C6A-8FA6-9F267676B5C5}.Debug|Any CPU.ActiveCfg = Debug|Any CPU
		{064FF404-35C7-4C6A-8FA6-9F267676B5C5}.Debug|Any CPU.Build.0 = Debug|Any CPU
		{064FF404-35C7-4C6A-8FA6-9F267676B5C5}.Release|Any CPU.ActiveCfg = Release|Any CPU
		{064FF404-35C7-4C6A-8FA6-9F267676B5C5}.Release|Any CPU.Build.0 = Release|Any CPU
		{ADFCCFB9-EE43-4BED-BB60-3BE33C91FE2C}.Debug|Any CPU.ActiveCfg = Debug|Any CPU
		{ADFCCFB9-EE43-4BED-BB60-3BE33C91FE2C}.Debug|Any CPU.Build.0 = Debug|Any CPU
		{ADFCCFB9-EE43-4BED-BB60-3BE33C91FE2C}.Release|Any CPU.ActiveCfg = Release|Any CPU
		{ADFCCFB9-EE43-4BED-BB60-3BE33C91FE2C}.Release|Any CPU.Build.0 = Release|Any CPU
	EndGlobalSection
	GlobalSection(SolutionProperties) = preSolution
		HideSolutionNode = FALSE
	EndGlobalSection
	GlobalSection(NestedProjects) = preSolution
		{15CB0E40-E46F-4C14-8C53-FC103CCC479B} = {A56661B8-6BC9-40E0-A407-FCC6E6A51159}
		{F9F4C023-83DB-4095-9FE5-79E81800F0C0} = {A56661B8-6BC9-40E0-A407-FCC6E6A51159}
		{7D2DD073-A041-4B0F-8321-684289034F52} = {A56661B8-6BC9-40E0-A407-FCC6E6A51159}
		{24CA5D28-819C-4C5B-BA6D-F5A0A0E28D82} = {A56661B8-6BC9-40E0-A407-FCC6E6A51159}
		{B6EF0D2B-54D7-450B-851D-0F283C3FC194} = {F9F4C023-83DB-4095-9FE5-79E81800F0C0}
		{0E71CEF4-9DF8-4624-A34E-BD87D9661F67} = {F9F4C023-83DB-4095-9FE5-79E81800F0C0}
		{8D7AF922-3D13-4ECA-B6FF-0B6B6030DD1F} = {7D2DD073-A041-4B0F-8321-684289034F52}
		{F057EEB1-8B7E-44CB-887E-5A179FD8DA43} = {7D2DD073-A041-4B0F-8321-684289034F52}
		{006FEB57-F9DA-4772-ADB4-85DBF7CFFA17} = {24CA5D28-819C-4C5B-BA6D-F5A0A0E28D82}
		{561CAD23-27D1-4C88-8650-DA7CE9BDCAA8} = {F057EEB1-8B7E-44CB-887E-5A179FD8DA43}
		{CB7071F7-8C36-4E5A-A5F0-68045385406F} = {F9F4C023-83DB-4095-9FE5-79E81800F0C0}
		{C347E3D4-22AA-4E23-923E-B2DCEA8A9302} = {F9F4C023-83DB-4095-9FE5-79E81800F0C0}
		{4CF87BEE-6B8B-4085-924C-064867E1B427} = {F9F4C023-83DB-4095-9FE5-79E81800F0C0}
		{EC3DFE7F-67DF-454A-ADFF-A3E2982E51CB} = {15CB0E40-E46F-4C14-8C53-FC103CCC479B}
		{B100D602-C42F-4FF4-BDDB-035BBC0CE939} = {8D7AF922-3D13-4ECA-B6FF-0B6B6030DD1F}
		{CEA633CB-B632-4EE8-AE6E-1B6481AD3176} = {8D7AF922-3D13-4ECA-B6FF-0B6B6030DD1F}
		{064FF404-35C7-4C6A-8FA6-9F267676B5C5} = {8D7AF922-3D13-4ECA-B6FF-0B6B6030DD1F}
		{ADFCCFB9-EE43-4BED-BB60-3BE33C91FE2C} = {8D7AF922-3D13-4ECA-B6FF-0B6B6030DD1F}
	EndGlobalSection
	GlobalSection(ExtensibilityGlobals) = postSolution
		SolutionGuid = {2D70B326-CC6C-4EDE-8BE0-0F09D6EF54F7}
	EndGlobalSection
EndGlobal
